{
  "version": 4,
  "terraform_version": "0.12.26",
  "serial": 4,
  "lineage": "a507cf62-a1a4-e2a3-71b7-a0d645df67d0",
  "outputs": {},
  "resources": [
    {
      "mode": "managed",
      "type": "aws_iam_user",
      "name": "users",
      "each": "list",
      "provider": "provider.aws",
      "instances": [
        {
          "index_key": 0,
          "schema_version": 0,
          "attributes": {
            "arn": "arn:aws:iam::978549055457:user/system/john.0",
            "force_destroy": false,
            "id": "john.0",
            "name": "john.0",
            "path": "/system/",
            "permissions_boundary": null,
            "tags": null,
            "unique_id": "AIDA6HVQRT7QVKSSAFN4P"
          },
          "private": "bnVsbA=="
        },
        {
          "index_key": 1,
          "schema_version": 0,
          "attributes": {
            "arn": "arn:aws:iam::978549055457:user/system/john.1",
            "force_destroy": false,
            "id": "john.1",
            "name": "john.1",
            "path": "/system/",
            "permissions_boundary": null,
            "tags": null,
            "unique_id": "AIDA6HVQRT7Q5LC2BUMTQ"
          },
          "private": "bnVsbA=="
        },
        {
          "index_key": 2,
          "schema_version": 0,
          "attributes": {
            "arn": "arn:aws:iam::978549055457:user/system/john.2",
            "force_destroy": false,
            "id": "john.2",
            "name": "john.2",
            "path": "/system/",
            "permissions_boundary": null,
            "tags": null,
            "unique_id": "AIDA6HVQRT7Q7MCLTMA6G"
          },
          "private": "bnVsbA=="
        }
      ]
    }
  ]
}
